
Microsoft Visual Studio Solution File, Format Version 12.00
# Visual Studio Version 16
VisualStudioVersion = 16.0.31205.134
MinimumVisualStudioVersion = 10.0.40219.1
Project("{FAE04EC0-301F-11D3-BF4B-00C04F79EFBC}") = "AZprojectGUI", "AZprojectGUI\AZprojectGUI.csproj", "{BA00FCAD-1152-4025-BB72-5E0EC1888BF5}"
EndProject
Project("{FAE04EC0-301F-11D3-BF4B-00C04F79EFBC}") = "AZproject", "AZproject\AZproject.csproj", "{4D075000-01DF-456F-8016-32FADF54C881}"
EndProject
Project("{FAE04EC0-301F-11D3-BF4B-00C04F79EFBC}") = "Common", "Common\Common.csproj", "{0263B127-3408-4AA9-8BE5-2E8783E5A5D9}"
EndProject
Project("{FAE04EC0-301F-11D3-BF4B-00C04F79EFBC}") = "TestFileGenerator", "TestFileGenerator\TestFileGenerator.csproj", "{E7518850-B01C-4917-8628-EB41C479CFD2}"
EndProject
Global
	GlobalSection(SolutionConfigurationPlatforms) = preSolution
		Debug|Any CPU = Debug|Any CPU
		Release|Any CPU = Release|Any CPU
	EndGlobalSection
	GlobalSection(ProjectConfigurationPlatforms) = postSolution
		{BA00FCAD-1152-4025-BB72-5E0EC1888BF5}.Debug|Any CPU.ActiveCfg = Debug|Any CPU
		{BA00FCAD-1152-4025-BB72-5E0EC1888BF5}.Debug|Any CPU.Build.0 = Debug|Any CPU
		{BA00FCAD-1152-4025-BB72-5E0EC1888BF5}.Release|Any CPU.ActiveCfg = Release|Any CPU
		{BA00FCAD-1152-4025-BB72-5E0EC1888BF5}.Release|Any CPU.Build.0 = Release|Any CPU
		{4D075000-01DF-456F-8016-32FADF54C881}.Debug|Any CPU.ActiveCfg = Debug|Any CPU
		{4D075000-01DF-456F-8016-32FADF54C881}.Debug|Any CPU.Build.0 = Debug|Any CPU
		{4D075000-01DF-456F-8016-32FADF54C881}.Release|Any CPU.ActiveCfg = Release|Any CPU
		{4D075000-01DF-456F-8016-32FADF54C881}.Release|Any CPU.Build.0 = Release|Any CPU
		{0263B127-3408-4AA9-8BE5-2E8783E5A5D9}.Debug|Any CPU.ActiveCfg = Debug|Any CPU
		{0263B127-3408-4AA9-8BE5-2E8783E5A5D9}.Debug|Any CPU.Build.0 = Debug|Any CPU
		{0263B127-3408-4AA9-8BE5-2E8783E5A5D9}.Release|Any CPU.ActiveCfg = Release|Any CPU
		{0263B127-3408-4AA9-8BE5-2E8783E5A5D9}.Release|Any CPU.Build.0 = Release|Any CPU
		{E7518850-B01C-4917-8628-EB41C479CFD2}.Debug|Any CPU.ActiveCfg = Debug|Any CPU
		{E7518850-B01C-4917-8628-EB41C479CFD2}.Debug|Any CPU.Build.0 = Debug|Any CPU
		{E7518850-B01C-4917-8628-EB41C479CFD2}.Release|Any CPU.ActiveCfg = Release|Any CPU
		{E7518850-B01C-4917-8628-EB41C479CFD2}.Release|Any CPU.Build.0 = Release|Any CPU
	EndGlobalSection
	GlobalSection(SolutionProperties) = preSolution
		HideSolutionNode = FALSE
	EndGlobalSection
	GlobalSection(ExtensibilityGlobals) = postSolution
		SolutionGuid = {28E4DAFD-71EA-4B18-86AB-AC72EB18E060}
	EndGlobalSection
EndGlobal
